
Microsoft Visual Studio Solution File, Format Version 12.00
# Visual Studio Version 17
VisualStudioVersion = 17.3.32922.545
MinimumVisualStudioVersion = 10.0.40219.1
Project("{FAE04EC0-301F-11D3-BF4B-00C04F79EFBC}") = "RespParser", "RespParser\RespParser.csproj", "{E878E034-07E9-4489-B5F3-EEDCB6D5BA58}"
EndProject
Project("{FAE04EC0-301F-11D3-BF4B-00C04F79EFBC}") = "Playground", "Playground\Playground.csproj", "{BA2FC7FF-8DCF-4C9B-91B4-027D918125DB}"
EndProject
Project("{FAE04EC0-301F-11D3-BF4B-00C04F79EFBC}") = "RespProtocol", "RespProtocol\RespProtocol.csproj", "{08BED616-68D0-407D-BD66-AAC351FBE9C7}"
EndProject
Global
	GlobalSection(SolutionConfigurationPlatforms) = preSolution
		Debug|Any CPU = Debug|Any CPU
		Release|Any CPU = Release|Any CPU
	EndGlobalSection
	GlobalSection(ProjectConfigurationPlatforms) = postSolution
		{E878E034-07E9-4489-B5F3-EEDCB6D5BA58}.Debug|Any CPU.ActiveCfg = Debug|Any CPU
		{E878E034-07E9-4489-B5F3-EEDCB6D5BA58}.Debug|Any CPU.Build.0 = Debug|Any CPU
		{E878E034-07E9-4489-B5F3-EEDCB6D5BA58}.Release|Any CPU.ActiveCfg = Release|Any CPU
		{E878E034-07E9-4489-B5F3-EEDCB6D5BA58}.Release|Any CPU.Build.0 = Release|Any CPU
		{BA2FC7FF-8DCF-4C9B-91B4-027D918125DB}.Debug|Any CPU.ActiveCfg = Debug|Any CPU
		{BA2FC7FF-8DCF-4C9B-91B4-027D918125DB}.Debug|Any CPU.Build.0 = Debug|Any CPU
		{BA2FC7FF-8DCF-4C9B-91B4-027D918125DB}.Release|Any CPU.ActiveCfg = Release|Any CPU
		{BA2FC7FF-8DCF-4C9B-91B4-027D918125DB}.Release|Any CPU.Build.0 = Release|Any CPU
		{08BED616-68D0-407D-BD66-AAC351FBE9C7}.Debug|Any CPU.ActiveCfg = Debug|Any CPU
		{08BED616-68D0-407D-BD66-AAC351FBE9C7}.Debug|Any CPU.Build.0 = Debug|Any CPU
		{08BED616-68D0-407D-BD66-AAC351FBE9C7}.Release|Any CPU.ActiveCfg = Release|Any CPU
		{08BED616-68D0-407D-BD66-AAC351FBE9C7}.Release|Any CPU.Build.0 = Release|Any CPU
	EndGlobalSection
	GlobalSection(SolutionProperties) = preSolution
		HideSolutionNode = FALSE
	EndGlobalSection
	GlobalSection(ExtensibilityGlobals) = postSolution
		SolutionGuid = {37F2D369-8BE4-4C34-A6A1-AE39356866AC}
	EndGlobalSection
EndGlobal
